
Microsoft Visual Studio Solution File, Format Version 12.00
# Visual Studio Version 16
VisualStudioVersion = 16.0.31229.75
MinimumVisualStudioVersion = 10.0.40219.1
Project("{9A19103F-16F7-4668-BE54-9A1E7A4F7556}") = "YoFi.Tests", "YoFi.Tests\YoFi.Tests.csproj", "{5E334C32-FE96-4F4F-954E-34681222DB9A}"
EndProject
Project("{9A19103F-16F7-4668-BE54-9A1E7A4F7556}") = "OfxWeb.Asp", "OfxWeb.Asp\OfxWeb.Asp.csproj", "{813D7788-D271-4932-A9BD-36DD24E2345D}"
EndProject
Global
	GlobalSection(SolutionConfigurationPlatforms) = preSolution
		Debug|Any CPU = Debug|Any CPU
		Release|Any CPU = Release|Any CPU
	EndGlobalSection
	GlobalSection(ProjectConfigurationPlatforms) = postSolution
		{5E334C32-FE96-4F4F-954E-34681222DB9A}.Debug|Any CPU.ActiveCfg = Debug|Any CPU
		{5E334C32-FE96-4F4F-954E-34681222DB9A}.Debug|Any CPU.Build.0 = Debug|Any CPU
		{5E334C32-FE96-4F4F-954E-34681222DB9A}.Release|Any CPU.ActiveCfg = Release|Any CPU
		{5E334C32-FE96-4F4F-954E-34681222DB9A}.Release|Any CPU.Build.0 = Release|Any CPU
		{813D7788-D271-4932-A9BD-36DD24E2345D}.Debug|Any CPU.ActiveCfg = Debug|Any CPU
		{813D7788-D271-4932-A9BD-36DD24E2345D}.Debug|Any CPU.Build.0 = Debug|Any CPU
		{813D7788-D271-4932-A9BD-36DD24E2345D}.Release|Any CPU.ActiveCfg = Release|Any CPU
		{813D7788-D271-4932-A9BD-36DD24E2345D}.Release|Any CPU.Build.0 = Release|Any CPU
	EndGlobalSection
	GlobalSection(SolutionProperties) = preSolution
		HideSolutionNode = FALSE
	EndGlobalSection
	GlobalSection(ExtensibilityGlobals) = postSolution
		SolutionGuid = {27A67CB3-52C4-460C-A320-E616C82FE079}
	EndGlobalSection
EndGlobal
