
Microsoft Visual Studio Solution File, Format Version 12.00
# Visual Studio Version 17
VisualStudioVersion = 17.1.32210.238
MinimumVisualStudioVersion = 10.0.40219.1
Project("{9A19103F-16F7-4668-BE54-9A1E7A4F7556}") = "YoFi.Tests", "YoFi.Tests\YoFi.Tests.csproj", "{5E334C32-FE96-4F4F-954E-34681222DB9A}"
EndProject
Project("{9A19103F-16F7-4668-BE54-9A1E7A4F7556}") = "YoFi.AspNet", "YoFi.AspNet\YoFi.AspNet.csproj", "{813D7788-D271-4932-A9BD-36DD24E2345D}"
EndProject
Project("{2150E333-8FDC-42A3-9474-1A3956D46DE8}") = "Solution Items", "Solution Items", "{D8B3F8F2-C0B6-4C39-BD44-359CA7A5FD5D}"
	ProjectSection(SolutionItems) = preProject
		.globalconfig = .globalconfig
		README.md = README.md
		docs\Roadmap.md = docs\Roadmap.md
	EndProjectSection
EndProject
Project("{9A19103F-16F7-4668-BE54-9A1E7A4F7556}") = "YoFi.Tests.Functional", "YoFi.Tests.Functional\YoFi.Tests.Functional.csproj", "{C7931E42-25BF-49C9-B88D-292E92166BCE}"
EndProject
Project("{9A19103F-16F7-4668-BE54-9A1E7A4F7556}") = "YoFi.Tests.Integration", "YoFi.Tests.Integration\YoFi.Tests.Integration.csproj", "{EAC240B9-B3C9-4A25-81A1-AA3DEE2933FF}"
EndProject
Project("{9A19103F-16F7-4668-BE54-9A1E7A4F7556}") = "YoFi.Core", "YoFi.Core\YoFi.Core.csproj", "{71DAA4D7-5CDE-4DD1-8E24-893CBA07BF4C}"
EndProject
Project("{2150E333-8FDC-42A3-9474-1A3956D46DE8}") = "YoFi.SampleGen", "YoFi.SampleGen", "{4F683028-1977-4946-AEE8-807A9A141427}"
EndProject
Project("{9A19103F-16F7-4668-BE54-9A1E7A4F7556}") = "YoFi.SampleGen", "YoFi.SampleGen\YoFi.SampleGen\YoFi.SampleGen.csproj", "{C0F2FC55-21E6-47D2-9786-77F07BAF3D9E}"
EndProject
Project("{9A19103F-16F7-4668-BE54-9A1E7A4F7556}") = "YoFi.SampleGen.Tests", "YoFi.SampleGen\YoFi.SampleGen.Tests\YoFi.SampleGen.Tests.csproj", "{DF5B92EE-2BE4-44E6-8370-0D8368BBC706}"
EndProject
Project("{9A19103F-16F7-4668-BE54-9A1E7A4F7556}") = "YoFi.SampleGen.Exe", "YoFi.SampleGen\YoFi.SampleGen.Exe\YoFi.SampleGen.Exe.csproj", "{7095B2BF-A8B1-4334-BDCE-E0A2AC1A5683}"
EndProject
Global
	GlobalSection(SolutionConfigurationPlatforms) = preSolution
		Debug|Any CPU = Debug|Any CPU
		Release|Any CPU = Release|Any CPU
	EndGlobalSection
	GlobalSection(ProjectConfigurationPlatforms) = postSolution
		{5E334C32-FE96-4F4F-954E-34681222DB9A}.Debug|Any CPU.ActiveCfg = Debug|Any CPU
		{5E334C32-FE96-4F4F-954E-34681222DB9A}.Debug|Any CPU.Build.0 = Debug|Any CPU
		{5E334C32-FE96-4F4F-954E-34681222DB9A}.Release|Any CPU.ActiveCfg = Release|Any CPU
		{5E334C32-FE96-4F4F-954E-34681222DB9A}.Release|Any CPU.Build.0 = Release|Any CPU
		{813D7788-D271-4932-A9BD-36DD24E2345D}.Debug|Any CPU.ActiveCfg = Debug|Any CPU
		{813D7788-D271-4932-A9BD-36DD24E2345D}.Debug|Any CPU.Build.0 = Debug|Any CPU
		{813D7788-D271-4932-A9BD-36DD24E2345D}.Release|Any CPU.ActiveCfg = Release|Any CPU
		{813D7788-D271-4932-A9BD-36DD24E2345D}.Release|Any CPU.Build.0 = Release|Any CPU
		{C7931E42-25BF-49C9-B88D-292E92166BCE}.Debug|Any CPU.ActiveCfg = Debug|Any CPU
		{C7931E42-25BF-49C9-B88D-292E92166BCE}.Debug|Any CPU.Build.0 = Debug|Any CPU
		{C7931E42-25BF-49C9-B88D-292E92166BCE}.Release|Any CPU.ActiveCfg = Release|Any CPU
		{C7931E42-25BF-49C9-B88D-292E92166BCE}.Release|Any CPU.Build.0 = Release|Any CPU
		{EAC240B9-B3C9-4A25-81A1-AA3DEE2933FF}.Debug|Any CPU.ActiveCfg = Debug|Any CPU
		{EAC240B9-B3C9-4A25-81A1-AA3DEE2933FF}.Debug|Any CPU.Build.0 = Debug|Any CPU
		{EAC240B9-B3C9-4A25-81A1-AA3DEE2933FF}.Release|Any CPU.ActiveCfg = Release|Any CPU
		{EAC240B9-B3C9-4A25-81A1-AA3DEE2933FF}.Release|Any CPU.Build.0 = Release|Any CPU
		{71DAA4D7-5CDE-4DD1-8E24-893CBA07BF4C}.Debug|Any CPU.ActiveCfg = Debug|Any CPU
		{71DAA4D7-5CDE-4DD1-8E24-893CBA07BF4C}.Debug|Any CPU.Build.0 = Debug|Any CPU
		{71DAA4D7-5CDE-4DD1-8E24-893CBA07BF4C}.Release|Any CPU.ActiveCfg = Release|Any CPU
		{71DAA4D7-5CDE-4DD1-8E24-893CBA07BF4C}.Release|Any CPU.Build.0 = Release|Any CPU
		{C0F2FC55-21E6-47D2-9786-77F07BAF3D9E}.Debug|Any CPU.ActiveCfg = Debug|Any CPU
		{C0F2FC55-21E6-47D2-9786-77F07BAF3D9E}.Debug|Any CPU.Build.0 = Debug|Any CPU
		{C0F2FC55-21E6-47D2-9786-77F07BAF3D9E}.Release|Any CPU.ActiveCfg = Release|Any CPU
		{C0F2FC55-21E6-47D2-9786-77F07BAF3D9E}.Release|Any CPU.Build.0 = Release|Any CPU
		{DF5B92EE-2BE4-44E6-8370-0D8368BBC706}.Debug|Any CPU.ActiveCfg = Debug|Any CPU
		{DF5B92EE-2BE4-44E6-8370-0D8368BBC706}.Debug|Any CPU.Build.0 = Debug|Any CPU
		{DF5B92EE-2BE4-44E6-8370-0D8368BBC706}.Release|Any CPU.ActiveCfg = Release|Any CPU
		{DF5B92EE-2BE4-44E6-8370-0D8368BBC706}.Release|Any CPU.Build.0 = Release|Any CPU
		{7095B2BF-A8B1-4334-BDCE-E0A2AC1A5683}.Debug|Any CPU.ActiveCfg = Debug|Any CPU
		{7095B2BF-A8B1-4334-BDCE-E0A2AC1A5683}.Debug|Any CPU.Build.0 = Debug|Any CPU
		{7095B2BF-A8B1-4334-BDCE-E0A2AC1A5683}.Release|Any CPU.ActiveCfg = Release|Any CPU
		{7095B2BF-A8B1-4334-BDCE-E0A2AC1A5683}.Release|Any CPU.Build.0 = Release|Any CPU
	EndGlobalSection
	GlobalSection(SolutionProperties) = preSolution
		HideSolutionNode = FALSE
	EndGlobalSection
	GlobalSection(NestedProjects) = preSolution
		{C0F2FC55-21E6-47D2-9786-77F07BAF3D9E} = {4F683028-1977-4946-AEE8-807A9A141427}
		{DF5B92EE-2BE4-44E6-8370-0D8368BBC706} = {4F683028-1977-4946-AEE8-807A9A141427}
		{7095B2BF-A8B1-4334-BDCE-E0A2AC1A5683} = {4F683028-1977-4946-AEE8-807A9A141427}
	EndGlobalSection
	GlobalSection(ExtensibilityGlobals) = postSolution
		SolutionGuid = {27A67CB3-52C4-460C-A320-E616C82FE079}
	EndGlobalSection
EndGlobal
