
Microsoft Visual Studio Solution File, Format Version 12.00
# Visual Studio Version 16
VisualStudioVersion = 16.0.31229.75
MinimumVisualStudioVersion = 10.0.40219.1
Project("{9A19103F-16F7-4668-BE54-9A1E7A4F7556}") = "YoFi.Tests", "YoFi.Tests\YoFi.Tests.csproj", "{5E334C32-FE96-4F4F-954E-34681222DB9A}"
EndProject
Project("{9A19103F-16F7-4668-BE54-9A1E7A4F7556}") = "YoFi.AspNet", "YoFi.AspNet\YoFi.AspNet.csproj", "{813D7788-D271-4932-A9BD-36DD24E2345D}"
EndProject
Project("{9A19103F-16F7-4668-BE54-9A1E7A4F7556}") = "OfxSharp", "submodules\OFXSharp\source\OfxSharp\OfxSharp.csproj", "{3CE6F19D-DAC2-4594-B60D-5FF33C186D27}"
EndProject
Project("{2150E333-8FDC-42A3-9474-1A3956D46DE8}") = "Solution Items", "Solution Items", "{D8B3F8F2-C0B6-4C39-BD44-359CA7A5FD5D}"
	ProjectSection(SolutionItems) = preProject
		.globalconfig = .globalconfig
		README.md = README.md
		docs\Roadmap.md = docs\Roadmap.md
	EndProjectSection
EndProject
Project("{9A19103F-16F7-4668-BE54-9A1E7A4F7556}") = "OfficeOpenXmlEasy", "submodules\OfficeOpenXMLEasy\src\OfficeOpenXmlEasy.csproj", "{2A22D22B-0C79-4FEF-9BA8-D4699EF86483}"
EndProject
Project("{2150E333-8FDC-42A3-9474-1A3956D46DE8}") = "samplegen", "samplegen", "{8928D20E-A24B-4146-BAE1-7B40DE02588A}"
EndProject
Project("{9A19103F-16F7-4668-BE54-9A1E7A4F7556}") = "samplegen-lib", "SampleData\samplegen-lib\samplegen-lib.csproj", "{FFFFB9D1-1834-4718-A6E0-E0A4B89512BF}"
EndProject
Project("{9A19103F-16F7-4668-BE54-9A1E7A4F7556}") = "samplegen-exe", "SampleData\samplegen-exe\samplegen-exe.csproj", "{602EA084-D1DB-49D6-8497-6B55C35A65BE}"
EndProject
Project("{9A19103F-16F7-4668-BE54-9A1E7A4F7556}") = "samplegen-test", "SampleData\samplegen-test\samplegen-test.csproj", "{A4314596-1FF6-4E73-88A9-B5B2F23B3F50}"
EndProject
Global
	GlobalSection(SolutionConfigurationPlatforms) = preSolution
		Debug|Any CPU = Debug|Any CPU
		Release|Any CPU = Release|Any CPU
	EndGlobalSection
	GlobalSection(ProjectConfigurationPlatforms) = postSolution
		{5E334C32-FE96-4F4F-954E-34681222DB9A}.Debug|Any CPU.ActiveCfg = Debug|Any CPU
		{5E334C32-FE96-4F4F-954E-34681222DB9A}.Debug|Any CPU.Build.0 = Debug|Any CPU
		{5E334C32-FE96-4F4F-954E-34681222DB9A}.Release|Any CPU.ActiveCfg = Release|Any CPU
		{5E334C32-FE96-4F4F-954E-34681222DB9A}.Release|Any CPU.Build.0 = Release|Any CPU
		{813D7788-D271-4932-A9BD-36DD24E2345D}.Debug|Any CPU.ActiveCfg = Debug|Any CPU
		{813D7788-D271-4932-A9BD-36DD24E2345D}.Debug|Any CPU.Build.0 = Debug|Any CPU
		{813D7788-D271-4932-A9BD-36DD24E2345D}.Release|Any CPU.ActiveCfg = Release|Any CPU
		{813D7788-D271-4932-A9BD-36DD24E2345D}.Release|Any CPU.Build.0 = Release|Any CPU
		{3CE6F19D-DAC2-4594-B60D-5FF33C186D27}.Debug|Any CPU.ActiveCfg = Debug|Any CPU
		{3CE6F19D-DAC2-4594-B60D-5FF33C186D27}.Debug|Any CPU.Build.0 = Debug|Any CPU
		{3CE6F19D-DAC2-4594-B60D-5FF33C186D27}.Release|Any CPU.ActiveCfg = Release|Any CPU
		{3CE6F19D-DAC2-4594-B60D-5FF33C186D27}.Release|Any CPU.Build.0 = Release|Any CPU
		{2A22D22B-0C79-4FEF-9BA8-D4699EF86483}.Debug|Any CPU.ActiveCfg = Debug|Any CPU
		{2A22D22B-0C79-4FEF-9BA8-D4699EF86483}.Debug|Any CPU.Build.0 = Debug|Any CPU
		{2A22D22B-0C79-4FEF-9BA8-D4699EF86483}.Release|Any CPU.ActiveCfg = Release|Any CPU
		{2A22D22B-0C79-4FEF-9BA8-D4699EF86483}.Release|Any CPU.Build.0 = Release|Any CPU
		{FFFFB9D1-1834-4718-A6E0-E0A4B89512BF}.Debug|Any CPU.ActiveCfg = Debug|Any CPU
		{FFFFB9D1-1834-4718-A6E0-E0A4B89512BF}.Debug|Any CPU.Build.0 = Debug|Any CPU
		{FFFFB9D1-1834-4718-A6E0-E0A4B89512BF}.Release|Any CPU.ActiveCfg = Release|Any CPU
		{FFFFB9D1-1834-4718-A6E0-E0A4B89512BF}.Release|Any CPU.Build.0 = Release|Any CPU
		{602EA084-D1DB-49D6-8497-6B55C35A65BE}.Debug|Any CPU.ActiveCfg = Debug|Any CPU
		{602EA084-D1DB-49D6-8497-6B55C35A65BE}.Debug|Any CPU.Build.0 = Debug|Any CPU
		{602EA084-D1DB-49D6-8497-6B55C35A65BE}.Release|Any CPU.ActiveCfg = Release|Any CPU
		{602EA084-D1DB-49D6-8497-6B55C35A65BE}.Release|Any CPU.Build.0 = Release|Any CPU
		{A4314596-1FF6-4E73-88A9-B5B2F23B3F50}.Debug|Any CPU.ActiveCfg = Debug|Any CPU
		{A4314596-1FF6-4E73-88A9-B5B2F23B3F50}.Debug|Any CPU.Build.0 = Debug|Any CPU
		{A4314596-1FF6-4E73-88A9-B5B2F23B3F50}.Release|Any CPU.ActiveCfg = Release|Any CPU
		{A4314596-1FF6-4E73-88A9-B5B2F23B3F50}.Release|Any CPU.Build.0 = Release|Any CPU
	EndGlobalSection
	GlobalSection(SolutionProperties) = preSolution
		HideSolutionNode = FALSE
	EndGlobalSection
	GlobalSection(NestedProjects) = preSolution
		{FFFFB9D1-1834-4718-A6E0-E0A4B89512BF} = {8928D20E-A24B-4146-BAE1-7B40DE02588A}
		{602EA084-D1DB-49D6-8497-6B55C35A65BE} = {8928D20E-A24B-4146-BAE1-7B40DE02588A}
		{A4314596-1FF6-4E73-88A9-B5B2F23B3F50} = {8928D20E-A24B-4146-BAE1-7B40DE02588A}
	EndGlobalSection
	GlobalSection(ExtensibilityGlobals) = postSolution
		SolutionGuid = {27A67CB3-52C4-460C-A320-E616C82FE079}
	EndGlobalSection
EndGlobal
